
Microsoft Visual Studio Solution File, Format Version 12.00
# Visual Studio Version 17
VisualStudioVersion = 17.9.34728.123
MinimumVisualStudioVersion = 10.0.40219.1
Project("{8BC9CEB8-8B4A-11D0-8D11-00A0C91BC942}") = "Schedule", "Schedule.vcxproj", "{9F064C55-41C0-4282-A0AF-E6E50CD06F97}"
EndProject
Global
	GlobalSection(SolutionConfigurationPlatforms) = preSolution
		Debug|x64 = Debug|x64
		Debug|x86 = Debug|x86
		Release|x64 = Release|x64
		Release|x86 = Release|x86
	EndGlobalSection
	GlobalSection(ProjectConfigurationPlatforms) = postSolution
		{9F064C55-41C0-4282-A0AF-E6E50CD06F97}.Debug|x64.ActiveCfg = Debug|x64
		{9F064C55-41C0-4282-A0AF-E6E50CD06F97}.Debug|x64.Build.0 = Debug|x64
		{9F064C55-41C0-4282-A0AF-E6E50CD06F97}.Debug|x86.ActiveCfg = Debug|Win32
		{9F064C55-41C0-4282-A0AF-E6E50CD06F97}.Debug|x86.Build.0 = Debug|Win32
		{9F064C55-41C0-4282-A0AF-E6E50CD06F97}.Release|x64.ActiveCfg = Release|x64
		{9F064C55-41C0-4282-A0AF-E6E50CD06F97}.Release|x64.Build.0 = Release|x64
		{9F064C55-41C0-4282-A0AF-E6E50CD06F97}.Release|x86.ActiveCfg = Release|Win32
		{9F064C55-41C0-4282-A0AF-E6E50CD06F97}.Release|x86.Build.0 = Release|Win32
	EndGlobalSection
	GlobalSection(SolutionProperties) = preSolution
		HideSolutionNode = FALSE
	EndGlobalSection
	GlobalSection(ExtensibilityGlobals) = postSolution
		SolutionGuid = {E8B869F8-2078-47CF-9972-E59418949739}
	EndGlobalSection
EndGlobal
